// !$*UTF8*$!
{
	archiveVersion = 1;
	classes = {
	};
	objectVersion = 50;
	objects = {

/* Begin PBXBuildFile section */
		DB08D06323B19A38009DEF55 /* AppDelegate.m in Sources */ = {isa = PBXBuildFile; fileRef = DB08D06223B19A38009DEF55 /* AppDelegate.m */; };
		DB08D06623B19A38009DEF55 /* SceneDelegate.m in Sources */ = {isa = PBXBuildFile; fileRef = DB08D06523B19A38009DEF55 /* SceneDelegate.m */; };
		DB08D06923B19A38009DEF55 /* ViewController.m in Sources */ = {isa = PBXBuildFile; fileRef = DB08D06823B19A38009DEF55 /* ViewController.m */; };
		DB08D06C23B19A38009DEF55 /* Main.storyboard in Resources */ = {isa = PBXBuildFile; fileRef = DB08D06A23B19A38009DEF55 /* Main.storyboard */; };
		DB08D06E23B19A3B009DEF55 /* Assets.xcassets in Resources */ = {isa = PBXBuildFile; fileRef = DB08D06D23B19A3B009DEF55 /* Assets.xcassets */; };
		DB08D07123B19A3B009DEF55 /* LaunchScreen.storyboard in Resources */ = {isa = PBXBuildFile; fileRef = DB08D06F23B19A3B009DEF55 /* LaunchScreen.storyboard */; };
		DB08D07423B19A3B009DEF55 /* main.m in Sources */ = {isa = PBXBuildFile; fileRef = DB08D07323B19A3B009DEF55 /* main.m */; };
		DB08D07E23B19A3B009DEF55 /* IBeaconManagerTests.m in Sources */ = {isa = PBXBuildFile; fileRef = DB08D07D23B19A3B009DEF55 /* IBeaconManagerTests.m */; };
		DB08D08923B19A3B009DEF55 /* IBeaconManagerUITests.m in Sources */ = {isa = PBXBuildFile; fileRef = DB08D08823B19A3B009DEF55 /* IBeaconManagerUITests.m */; };
		DB196CDC23B34C90004283B5 /* JVIBeaconManager.m in Sources */ = {isa = PBXBuildFile; fileRef = DB196CDB23B34C90004283B5 /* JVIBeaconManager.m */; };
/* End PBXBuildFile section */

/* Begin PBXContainerItemProxy section */
		DB08D07A23B19A3B009DEF55 /* PBXContainerItemProxy */ = {
			isa = PBXContainerItemProxy;
			containerPortal = DB08D05623B19A38009DEF55 /* Project object */;
			proxyType = 1;
			remoteGlobalIDString = DB08D05D23B19A38009DEF55;
			remoteInfo = IBeaconManager;
		};
		DB08D08523B19A3B009DEF55 /* PBXContainerItemProxy */ = {
			isa = PBXContainerItemProxy;
			containerPortal = DB08D05623B19A38009DEF55 /* Project object */;
			proxyType = 1;
			remoteGlobalIDString = DB08D05D23B19A38009DEF55;
			remoteInfo = IBeaconManager;
		};
/* End PBXContainerItemProxy section */

/* Begin PBXFileReference section */
		DB08D05E23B19A38009DEF55 /* IBeaconManager.app */ = {isa = PBXFileReference; explicitFileType = wrapper.application; includeInIndex = 0; path = IBeaconManager.app; sourceTree = BUILT_PRODUCTS_DIR; };
		DB08D06123B19A38009DEF55 /* AppDelegate.h */ = {isa = PBXFileReference; lastKnownFileType = sourcecode.c.h; path = AppDelegate.h; sourceTree = "<group>"; };
		DB08D06223B19A38009DEF55 /* AppDelegate.m */ = {isa = PBXFileReference; lastKnownFileType = sourcecode.c.objc; path = AppDelegate.m; sourceTree = "<group>"; };
		DB08D06423B19A38009DEF55 /* SceneDelegate.h */ = {isa = PBXFileReference; lastKnownFileType = sourcecode.c.h; path = SceneDelegate.h; sourceTree = "<group>"; };
		DB08D06523B19A38009DEF55 /* SceneDelegate.m */ = {isa = PBXFileReference; lastKnownFileType = sourcecode.c.objc; path = SceneDelegate.m; sourceTree = "<group>"; };
		DB08D06723B19A38009DEF55 /* ViewController.h */ = {isa = PBXFileReference; lastKnownFileType = sourcecode.c.h; path = ViewController.h; sourceTree = "<group>"; };
		DB08D06823B19A38009DEF55 /* ViewController.m */ = {isa = PBXFileReference; lastKnownFileType = sourcecode.c.objc; path = ViewController.m; sourceTree = "<group>"; };
		DB08D06B23B19A38009DEF55 /* Base */ = {isa = PBXFileReference; lastKnownFileType = file.storyboard; name = Base; path = Base.lproj/Main.storyboard; sourceTree = "<group>"; };
		DB08D06D23B19A3B009DEF55 /* Assets.xcassets */ = {isa = PBXFileReference; lastKnownFileType = folder.assetcatalog; path = Assets.xcassets; sourceTree = "<group>"; };
		DB08D07023B19A3B009DEF55 /* Base */ = {isa = PBXFileReference; lastKnownFileType = file.storyboard; name = Base; path = Base.lproj/LaunchScreen.storyboard; sourceTree = "<group>"; };
		DB08D07223B19A3B009DEF55 /* Info.plist */ = {isa = PBXFileReference; lastKnownFileType = text.plist.xml; path = Info.plist; sourceTree = "<group>"; };
		DB08D07323B19A3B009DEF55 /* main.m */ = {isa = PBXFileReference; lastKnownFileType = sourcecode.c.objc; path = main.m; sourceTree = "<group>"; };
		DB08D07923B19A3B009DEF55 /* IBeaconManagerTests.xctest */ = {isa = PBXFileReference; explicitFileType = wrapper.cfbundle; includeInIndex = 0; path = IBeaconManagerTests.xctest; sourceTree = BUILT_PRODUCTS_DIR; };
		DB08D07D23B19A3B009DEF55 /* IBeaconManagerTests.m */ = {isa = PBXFileReference; lastKnownFileType = sourcecode.c.objc; path = IBeaconManagerTests.m; sourceTree = "<group>"; };
		DB08D07F23B19A3B009DEF55 /* Info.plist */ = {isa = PBXFileReference; lastKnownFileType = text.plist.xml; path = Info.plist; sourceTree = "<group>"; };
		DB08D08423B19A3B009DEF55 /* IBeaconManagerUITests.xctest */ = {isa = PBXFileReference; explicitFileType = wrapper.cfbundle; includeInIndex = 0; path = IBeaconManagerUITests.xctest; sourceTree = BUILT_PRODUCTS_DIR; };
		DB08D08823B19A3B009DEF55 /* IBeaconManagerUITests.m */ = {isa = PBXFileReference; lastKnownFileType = sourcecode.c.objc; path = IBeaconManagerUITests.m; sourceTree = "<group>"; };
		DB08D08A23B19A3B009DEF55 /* Info.plist */ = {isa = PBXFileReference; lastKnownFileType = text.plist.xml; path = Info.plist; sourceTree = "<group>"; };
		DB08D09623B1DFA6009DEF55 /* iBeacon开发.md */ = {isa = PBXFileReference; lastKnownFileType = net.daringfireball.markdown; path = "iBeacon开发.md"; sourceTree = "<group>"; };
		DB196CDA23B34C90004283B5 /* JVIBeaconManager.h */ = {isa = PBXFileReference; lastKnownFileType = sourcecode.c.h; path = JVIBeaconManager.h; sourceTree = "<group>"; };
		DB196CDB23B34C90004283B5 /* JVIBeaconManager.m */ = {isa = PBXFileReference; lastKnownFileType = sourcecode.c.objc; path = JVIBeaconManager.m; sourceTree = "<group>"; };
/* End PBXFileReference section */

/* Begin PBXFrameworksBuildPhase section */
		DB08D05B23B19A38009DEF55 /* Frameworks */ = {
			isa = PBXFrameworksBuildPhase;
			buildActionMask = 2147483647;
			files = (
			);
			runOnlyForDeploymentPostprocessing = 0;
		};
		DB08D07623B19A3B009DEF55 /* Frameworks */ = {
			isa = PBXFrameworksBuildPhase;
			buildActionMask = 2147483647;
			files = (
			);
			runOnlyForDeploymentPostprocessing = 0;
		};
		DB08D08123B19A3B009DEF55 /* Frameworks */ = {
			isa = PBXFrameworksBuildPhase;
			buildActionMask = 2147483647;
			files = (
			);
			runOnlyForDeploymentPostprocessing = 0;
		};
/* End PBXFrameworksBuildPhase section */

/* Begin PBXGroup section */
		DB08D05523B19A38009DEF55 = {
			isa = PBXGroup;
			children = (
				DB08D06023B19A38009DEF55 /* IBeaconManager */,
				DB08D07C23B19A3B009DEF55 /* IBeaconManagerTests */,
				DB08D08723B19A3B009DEF55 /* IBeaconManagerUITests */,
				DB08D05F23B19A38009DEF55 /* Products */,
			);
			sourceTree = "<group>";
		};
		DB08D05F23B19A38009DEF55 /* Products */ = {
			isa = PBXGroup;
			children = (
				DB08D05E23B19A38009DEF55 /* IBeaconManager.app */,
				DB08D07923B19A3B009DEF55 /* IBeaconManagerTests.xctest */,
				DB08D08423B19A3B009DEF55 /* IBeaconManagerUITests.xctest */,
			);
			name = Products;
			sourceTree = "<group>";
		};
		DB08D06023B19A38009DEF55 /* IBeaconManager */ = {
			isa = PBXGroup;
			children = (
				DB08D06123B19A38009DEF55 /* AppDelegate.h */,
				DB08D06223B19A38009DEF55 /* AppDelegate.m */,
				DB08D06423B19A38009DEF55 /* SceneDelegate.h */,
				DB08D06523B19A38009DEF55 /* SceneDelegate.m */,
				DB08D06723B19A38009DEF55 /* ViewController.h */,
				DB08D06823B19A38009DEF55 /* ViewController.m */,
				DB196CDA23B34C90004283B5 /* JVIBeaconManager.h */,
				DB196CDB23B34C90004283B5 /* JVIBeaconManager.m */,
				DB08D06A23B19A38009DEF55 /* Main.storyboard */,
				DB08D06D23B19A3B009DEF55 /* Assets.xcassets */,
				DB08D06F23B19A3B009DEF55 /* LaunchScreen.storyboard */,
				DB08D07223B19A3B009DEF55 /* Info.plist */,
				DB08D07323B19A3B009DEF55 /* main.m */,
			);
			path = IBeaconManager;
			sourceTree = "<group>";
		};
		DB08D07C23B19A3B009DEF55 /* IBeaconManagerTests */ = {
			isa = PBXGroup;
			children = (
				DB08D07D23B19A3B009DEF55 /* IBeaconManagerTests.m */,
				DB08D07F23B19A3B009DEF55 /* Info.plist */,
				DB08D09623B1DFA6009DEF55 /* iBeacon开发.md */,
			);
			path = IBeaconManagerTests;
			sourceTree = "<group>";
		};
		DB08D08723B19A3B009DEF55 /* IBeaconManagerUITests */ = {
			isa = PBXGroup;
			children = (
				DB08D08823B19A3B009DEF55 /* IBeaconManagerUITests.m */,
				DB08D08A23B19A3B009DEF55 /* Info.plist */,
			);
			path = IBeaconManagerUITests;
			sourceTree = "<group>";
		};
/* End PBXGroup section */

/* Begin PBXNativeTarget section */
		DB08D05D23B19A38009DEF55 /* IBeaconManager */ = {
			isa = PBXNativeTarget;
			buildConfigurationList = DB08D08D23B19A3B009DEF55 /* Build configuration list for PBXNativeTarget "IBeaconManager" */;
			buildPhases = (
				DB08D05A23B19A38009DEF55 /* Sources */,
				DB08D05B23B19A38009DEF55 /* Frameworks */,
				DB08D05C23B19A38009DEF55 /* Resources */,
			);
			buildRules = (
			);
			dependencies = (
			);
			name = IBeaconManager;
			productName = IBeaconManager;
			productReference = DB08D05E23B19A38009DEF55 /* IBeaconManager.app */;
			productType = "com.apple.product-type.application";
		};
		DB08D07823B19A3B009DEF55 /* IBeaconManagerTests */ = {
			isa = PBXNativeTarget;
			buildConfigurationList = DB08D09023B19A3B009DEF55 /* Build configuration list for PBXNativeTarget "IBeaconManagerTests" */;
			buildPhases = (
				DB08D07523B19A3B009DEF55 /* Sources */,
				DB08D07623B19A3B009DEF55 /* Frameworks */,
				DB08D07723B19A3B009DEF55 /* Resources */,
			);
			buildRules = (
			);
			dependencies = (
				DB08D07B23B19A3B009DEF55 /* PBXTargetDependency */,
			);
			name = IBeaconManagerTests;
			productName = IBeaconManagerTests;
			productReference = DB08D07923B19A3B009DEF55 /* IBeaconManagerTests.xctest */;
			productType = "com.apple.product-type.bundle.unit-test";
		};
		DB08D08323B19A3B009DEF55 /* IBeaconManagerUITests */ = {
			isa = PBXNativeTarget;
			buildConfigurationList = DB08D09323B19A3B009DEF55 /* Build configuration list for PBXNativeTarget "IBeaconManagerUITests" */;
			buildPhases = (
				DB08D08023B19A3B009DEF55 /* Sources */,
				DB08D08123B19A3B009DEF55 /* Frameworks */,
				DB08D08223B19A3B009DEF55 /* Resources */,
			);
			buildRules = (
			);
			dependencies = (
				DB08D08623B19A3B009DEF55 /* PBXTargetDependency */,
			);
			name = IBeaconManagerUITests;
			productName = IBeaconManagerUITests;
			productReference = DB08D08423B19A3B009DEF55 /* IBeaconManagerUITests.xctest */;
			productType = "com.apple.product-type.bundle.ui-testing";
		};
/* End PBXNativeTarget section */

/* Begin PBXProject section */
		DB08D05623B19A38009DEF55 /* Project object */ = {
			isa = PBXProject;
			attributes = {
				LastUpgradeCheck = 1130;
				ORGANIZATIONNAME = Jarvis;
				TargetAttributes = {
					DB08D05D23B19A38009DEF55 = {
						CreatedOnToolsVersion = 11.3;
					};
					DB08D07823B19A3B009DEF55 = {
						CreatedOnToolsVersion = 11.3;
						TestTargetID = DB08D05D23B19A38009DEF55;
					};
					DB08D08323B19A3B009DEF55 = {
						CreatedOnToolsVersion = 11.3;
						TestTargetID = DB08D05D23B19A38009DEF55;
					};
				};
			};
			buildConfigurationList = DB08D05923B19A38009DEF55 /* Build configuration list for PBXProject "IBeaconManager" */;
			compatibilityVersion = "Xcode 9.3";
			developmentRegion = en;
			hasScannedForEncodings = 0;
			knownRegions = (
				en,
				Base,
			);
			mainGroup = DB08D05523B19A38009DEF55;
			productRefGroup = DB08D05F23B19A38009DEF55 /* Products */;
			projectDirPath = "";
			projectRoot = "";
			targets = (
				DB08D05D23B19A38009DEF55 /* IBeaconManager */,
				DB08D07823B19A3B009DEF55 /* IBeaconManagerTests */,
				DB08D08323B19A3B009DEF55 /* IBeaconManagerUITests */,
			);
		};
/* End PBXProject section */

/* Begin PBXResourcesBuildPhase section */
		DB08D05C23B19A38009DEF55 /* Resources */ = {
			isa = PBXResourcesBuildPhase;
			buildActionMask = 2147483647;
			files = (
				DB08D07123B19A3B009DEF55 /* LaunchScreen.storyboard in Resources */,
				DB08D06E23B19A3B009DEF55 /* Assets.xcassets in Resources */,
				DB08D06C23B19A38009DEF55 /* Main.storyboard in Resources */,
			);
			runOnlyForDeploymentPostprocessing = 0;
		};
		DB08D07723B19A3B009DEF55 /* Resources */ = {
			isa = PBXResourcesBuildPhase;
			buildActionMask = 2147483647;
			files = (
			);
			runOnlyForDeploymentPostprocessing = 0;
		};
		DB08D08223B19A3B009DEF55 /* Resources */ = {
			isa = PBXResourcesBuildPhase;
			buildActionMask = 2147483647;
			files = (
			);
			runOnlyForDeploymentPostprocessing = 0;
		};
/* End PBXResourcesBuildPhase section */

/* Begin PBXSourcesBuildPhase section */
		DB08D05A23B19A38009DEF55 /* Sources */ = {
			isa = PBXSourcesBuildPhase;
			buildActionMask = 2147483647;
			files = (
				DB196CDC23B34C90004283B5 /* JVIBeaconManager.m in Sources */,
				DB08D06923B19A38009DEF55 /* ViewController.m in Sources */,
				DB08D06323B19A38009DEF55 /* AppDelegate.m in Sources */,
				DB08D07423B19A3B009DEF55 /* main.m in Sources */,
				DB08D06623B19A38009DEF55 /* SceneDelegate.m in Sources */,
			);
			runOnlyForDeploymentPostprocessing = 0;
		};
		DB08D07523B19A3B009DEF55 /* Sources */ = {
			isa = PBXSourcesBuildPhase;
			buildActionMask = 2147483647;
			files = (
				DB08D07E23B19A3B009DEF55 /* IBeaconManagerTests.m in Sources */,
			);
			runOnlyForDeploymentPostprocessing = 0;
		};
		DB08D08023B19A3B009DEF55 /* Sources */ = {
			isa = PBXSourcesBuildPhase;
			buildActionMask = 2147483647;
			files = (
				DB08D08923B19A3B009DEF55 /* IBeaconManagerUITests.m in Sources */,
			);
			runOnlyForDeploymentPostprocessing = 0;
		};
/* End PBXSourcesBuildPhase section */

/* Begin PBXTargetDependency section */
		DB08D07B23B19A3B009DEF55 /* PBXTargetDependency */ = {
			isa = PBXTargetDependency;
			target = DB08D05D23B19A38009DEF55 /* IBeaconManager */;
			targetProxy = DB08D07A23B19A3B009DEF55 /* PBXContainerItemProxy */;
		};
		DB08D08623B19A3B009DEF55 /* PBXTargetDependency */ = {
			isa = PBXTargetDependency;
			target = DB08D05D23B19A38009DEF55 /* IBeaconManager */;
			targetProxy = DB08D08523B19A3B009DEF55 /* PBXContainerItemProxy */;
		};
/* End PBXTargetDependency section */

/* Begin PBXVariantGroup section */
		DB08D06A23B19A38009DEF55 /* Main.storyboard */ = {
			isa = PBXVariantGroup;
			children = (
				DB08D06B23B19A38009DEF55 /* Base */,
			);
			name = Main.storyboard;
			sourceTree = "<group>";
		};
		DB08D06F23B19A3B009DEF55 /* LaunchScreen.storyboard */ = {
			isa = PBXVariantGroup;
			children = (
				DB08D07023B19A3B009DEF55 /* Base */,
			);
			name = LaunchScreen.storyboard;
			sourceTree = "<group>";
		};
/* End PBXVariantGroup section */

/* Begin XCBuildConfiguration section */
		DB08D08B23B19A3B009DEF55 /* Debug */ = {
			isa = XCBuildConfiguration;
			buildSettings = {
				ALWAYS_SEARCH_USER_PATHS = NO;
				CLANG_ANALYZER_NONNULL = YES;
				CLANG_ANALYZER_NUMBER_OBJECT_CONVERSION = YES_AGGRESSIVE;
				CLANG_CXX_LANGUAGE_STANDARD = "gnu++14";
				CLANG_CXX_LIBRARY = "libc++";
				CLANG_ENABLE_MODULES = YES;
				CLANG_ENABLE_OBJC_ARC = YES;
				CLANG_ENABLE_OBJC_WEAK = YES;
				CLANG_WARN_BLOCK_CAPTURE_AUTORELEASING = YES;
				CLANG_WARN_BOOL_CONVERSION = YES;
				CLANG_WARN_COMMA = YES;
				CLANG_WARN_CONSTANT_CONVERSION = YES;
				CLANG_WARN_DEPRECATED_OBJC_IMPLEMENTATIONS = YES;
				CLANG_WARN_DIRECT_OBJC_ISA_USAGE = YES_ERROR;
				CLANG_WARN_DOCUMENTATION_COMMENTS = YES;
				CLANG_WARN_EMPTY_BODY = YES;
				CLANG_WARN_ENUM_CONVERSION = YES;
				CLANG_WARN_INFINITE_RECURSION = YES;
				CLANG_WARN_INT_CONVERSION = YES;
				CLANG_WARN_NON_LITERAL_NULL_CONVERSION = YES;
				CLANG_WARN_OBJC_IMPLICIT_RETAIN_SELF = YES;
				CLANG_WARN_OBJC_LITERAL_CONVERSION = YES;
				CLANG_WARN_OBJC_ROOT_CLASS = YES_ERROR;
				CLANG_WARN_RANGE_LOOP_ANALYSIS = YES;
				CLANG_WARN_STRICT_PROTOTYPES = YES;
				CLANG_WARN_SUSPICIOUS_MOVE = YES;
				CLANG_WARN_UNGUARDED_AVAILABILITY = YES_AGGRESSIVE;
				CLANG_WARN_UNREACHABLE_CODE = YES;
				CLANG_WARN__DUPLICATE_METHOD_MATCH = YES;
				COPY_PHASE_STRIP = NO;
				DEBUG_INFORMATION_FORMAT = dwarf;
				ENABLE_STRICT_OBJC_MSGSEND = YES;
				ENABLE_TESTABILITY = YES;
				GCC_C_LANGUAGE_STANDARD = gnu11;
				GCC_DYNAMIC_NO_PIC = NO;
				GCC_NO_COMMON_BLOCKS = YES;
				GCC_OPTIMIZATION_LEVEL = 0;
				GCC_PREPROCESSOR_DEFINITIONS = (
					"DEBUG=1",
					"$(inherited)",
				);
				GCC_WARN_64_TO_32_BIT_CONVERSION = YES;
				GCC_WARN_ABOUT_RETURN_TYPE = YES_ERROR;
				GCC_WARN_UNDECLARED_SELECTOR = YES;
				GCC_WARN_UNINITIALIZED_AUTOS = YES_AGGRESSIVE;
				GCC_WARN_UNUSED_FUNCTION = YES;
				GCC_WARN_UNUSED_VARIABLE = YES;
				IPHONEOS_DEPLOYMENT_TARGET = 13.2;
				MTL_ENABLE_DEBUG_INFO = INCLUDE_SOURCE;
				MTL_FAST_MATH = YES;
				ONLY_ACTIVE_ARCH = YES;
				SDKROOT = iphoneos;
			};
			name = Debug;
		};
		DB08D08C23B19A3B009DEF55 /* Release */ = {
			isa = XCBuildConfiguration;
			buildSettings = {
				ALWAYS_SEARCH_USER_PATHS = NO;
				CLANG_ANALYZER_NONNULL = YES;
				CLANG_ANALYZER_NUMBER_OBJECT_CONVERSION = YES_AGGRESSIVE;
				CLANG_CXX_LANGUAGE_STANDARD = "gnu++14";
				CLANG_CXX_LIBRARY = "libc++";
				CLANG_ENABLE_MODULES = YES;
				CLANG_ENABLE_OBJC_ARC = YES;
				CLANG_ENABLE_OBJC_WEAK = YES;
				CLANG_WARN_BLOCK_CAPTURE_AUTORELEASING = YES;
				CLANG_WARN_BOOL_CONVERSION = YES;
				CLANG_WARN_COMMA = YES;
				CLANG_WARN_CONSTANT_CONVERSION = YES;
				CLANG_WARN_DEPRECATED_OBJC_IMPLEMENTATIONS = YES;
				CLANG_WARN_DIRECT_OBJC_ISA_USAGE = YES_ERROR;
				CLANG_WARN_DOCUMENTATION_COMMENTS = YES;
				CLANG_WARN_EMPTY_BODY = YES;
				CLANG_WARN_ENUM_CONVERSION = YES;
				CLANG_WARN_INFINITE_RECURSION = YES;
				CLANG_WARN_INT_CONVERSION = YES;
				CLANG_WARN_NON_LITERAL_NULL_CONVERSION = YES;
				CLANG_WARN_OBJC_IMPLICIT_RETAIN_SELF = YES;
				CLANG_WARN_OBJC_LITERAL_CONVERSION = YES;
				CLANG_WARN_OBJC_ROOT_CLASS = YES_ERROR;
				CLANG_WARN_RANGE_LOOP_ANALYSIS = YES;
				CLANG_WARN_STRICT_PROTOTYPES = YES;
				CLANG_WARN_SUSPICIOUS_MOVE = YES;
				CLANG_WARN_UNGUARDED_AVAILABILITY = YES_AGGRESSIVE;
				CLANG_WARN_UNREACHABLE_CODE = YES;
				CLANG_WARN__DUPLICATE_METHOD_MATCH = YES;
				COPY_PHASE_STRIP = NO;
				DEBUG_INFORMATION_FORMAT = "dwarf-with-dsym";
				ENABLE_NS_ASSERTIONS = NO;
				ENABLE_STRICT_OBJC_MSGSEND = YES;
				GCC_C_LANGUAGE_STANDARD = gnu11;
				GCC_NO_COMMON_BLOCKS = YES;
				GCC_WARN_64_TO_32_BIT_CONVERSION = YES;
				GCC_WARN_ABOUT_RETURN_TYPE = YES_ERROR;
				GCC_WARN_UNDECLARED_SELECTOR = YES;
				GCC_WARN_UNINITIALIZED_AUTOS = YES_AGGRESSIVE;
				GCC_WARN_UNUSED_FUNCTION = YES;
				GCC_WARN_UNUSED_VARIABLE = YES;
				IPHONEOS_DEPLOYMENT_TARGET = 13.2;
				MTL_ENABLE_DEBUG_INFO = NO;
				MTL_FAST_MATH = YES;
				SDKROOT = iphoneos;
				VALIDATE_PRODUCT = YES;
			};
			name = Release;
		};
		DB08D08E23B19A3B009DEF55 /* Debug */ = {
			isa = XCBuildConfiguration;
			buildSettings = {
				ASSETCATALOG_COMPILER_APPICON_NAME = AppIcon;
				CODE_SIGN_STYLE = Automatic;
				DEVELOPMENT_TEAM = 2233R37RC5;
				INFOPLIST_FILE = IBeaconManager/Info.plist;
				IPHONEOS_DEPLOYMENT_TARGET = 10.0;
				LD_RUNPATH_SEARCH_PATHS = (
					"$(inherited)",
					"@executable_path/Frameworks",
				);
				PRODUCT_BUNDLE_IDENTIFIER = com.Technology.IBeaconManager;
				PRODUCT_NAME = "$(TARGET_NAME)";
				TARGETED_DEVICE_FAMILY = "1,2";
			};
			name = Debug;
		};
		DB08D08F23B19A3B009DEF55 /* Release */ = {
			isa = XCBuildConfiguration;
			buildSettings = {
				ASSETCATALOG_COMPILER_APPICON_NAME = AppIcon;
				CODE_SIGN_STYLE = Automatic;
				DEVELOPMENT_TEAM = 2233R37RC5;
				INFOPLIST_FILE = IBeaconManager/Info.plist;
				IPHONEOS_DEPLOYMENT_TARGET = 10.0;
				LD_RUNPATH_SEARCH_PATHS = (
					"$(inherited)",
					"@executable_path/Frameworks",
				);
				PRODUCT_BUNDLE_IDENTIFIER = com.Technology.IBeaconManager;
				PRODUCT_NAME = "$(TARGET_NAME)";
				TARGETED_DEVICE_FAMILY = "1,2";
			};
			name = Release;
		};
		DB08D09123B19A3B009DEF55 /* Debug */ = {
			isa = XCBuildConfiguration;
			buildSettings = {
				BUNDLE_LOADER = "$(TEST_HOST)";
				CODE_SIGN_STYLE = Automatic;
				DEVELOPMENT_TEAM = 2233R37RC5;
				INFOPLIST_FILE = IBeaconManagerTests/Info.plist;
				IPHONEOS_DEPLOYMENT_TARGET = 13.2;
				LD_RUNPATH_SEARCH_PATHS = (
					"$(inherited)",
					"@executable_path/Frameworks",
					"@loader_path/Frameworks",
				);
				PRODUCT_BUNDLE_IDENTIFIER = com.Technology.IBeaconManagerTests;
				PRODUCT_NAME = "$(TARGET_NAME)";
				TARGETED_DEVICE_FAMILY = "1,2";
				TEST_HOST = "$(BUILT_PRODUCTS_DIR)/IBeaconManager.app/IBeaconManager";
			};
			name = Debug;
		};
		DB08D09223B19A3B009DEF55 /* Release */ = {
			isa = XCBuildConfiguration;
			buildSettings = {
				BUNDLE_LOADER = "$(TEST_HOST)";
				CODE_SIGN_STYLE = Automatic;
				DEVELOPMENT_TEAM = 2233R37RC5;
				INFOPLIST_FILE = IBeaconManagerTests/Info.plist;
				IPHONEOS_DEPLOYMENT_TARGET = 13.2;
				LD_RUNPATH_SEARCH_PATHS = (
					"$(inherited)",
					"@executable_path/Frameworks",
					"@loader_path/Frameworks",
				);
				PRODUCT_BUNDLE_IDENTIFIER = com.Technology.IBeaconManagerTests;
				PRODUCT_NAME = "$(TARGET_NAME)";
				TARGETED_DEVICE_FAMILY = "1,2";
				TEST_HOST = "$(BUILT_PRODUCTS_DIR)/IBeaconManager.app/IBeaconManager";
			};
			name = Release;
		};
		DB08D09423B19A3B009DEF55 /* Debug */ = {
			isa = XCBuildConfiguration;
			buildSettings = {
				CODE_SIGN_STYLE = Automatic;
				DEVELOPMENT_TEAM = 2233R37RC5;
				INFOPLIST_FILE = IBeaconManagerUITests/Info.plist;
				LD_RUNPATH_SEARCH_PATHS = (
					"$(inherited)",
					"@executable_path/Frameworks",
					"@loader_path/Frameworks",
				);
				PRODUCT_BUNDLE_IDENTIFIER = com.Technology.IBeaconManagerUITests;
				PRODUCT_NAME = "$(TARGET_NAME)";
				TARGETED_DEVICE_FAMILY = "1,2";
				TEST_TARGET_NAME = IBeaconManager;
			};
			name = Debug;
		};
		DB08D09523B19A3B009DEF55 /* Release */ = {
			isa = XCBuildConfiguration;
			buildSettings = {
				CODE_SIGN_STYLE = Automatic;
				DEVELOPMENT_TEAM = 2233R37RC5;
				INFOPLIST_FILE = IBeaconManagerUITests/Info.plist;
				LD_RUNPATH_SEARCH_PATHS = (
					"$(inherited)",
					"@executable_path/Frameworks",
					"@loader_path/Frameworks",
				);
				PRODUCT_BUNDLE_IDENTIFIER = com.Technology.IBeaconManagerUITests;
				PRODUCT_NAME = "$(TARGET_NAME)";
				TARGETED_DEVICE_FAMILY = "1,2";
				TEST_TARGET_NAME = IBeaconManager;
			};
			name = Release;
		};
/* End XCBuildConfiguration section */

/* Begin XCConfigurationList section */
		DB08D05923B19A38009DEF55 /* Build configuration list for PBXProject "IBeaconManager" */ = {
			isa = XCConfigurationList;
			buildConfigurations = (
				DB08D08B23B19A3B009DEF55 /* Debug */,
				DB08D08C23B19A3B009DEF55 /* Release */,
			);
			defaultConfigurationIsVisible = 0;
			defaultConfigurationName = Release;
		};
		DB08D08D23B19A3B009DEF55 /* Build configuration list for PBXNativeTarget "IBeaconManager" */ = {
			isa = XCConfigurationList;
			buildConfigurations = (
				DB08D08E23B19A3B009DEF55 /* Debug */,
				DB08D08F23B19A3B009DEF55 /* Release */,
			);
			defaultConfigurationIsVisible = 0;
			defaultConfigurationName = Release;
		};
		DB08D09023B19A3B009DEF55 /* Build configuration list for PBXNativeTarget "IBeaconManagerTests" */ = {
			isa = XCConfigurationList;
			buildConfigurations = (
				DB08D09123B19A3B009DEF55 /* Debug */,
				DB08D09223B19A3B009DEF55 /* Release */,
			);
			defaultConfigurationIsVisible = 0;
			defaultConfigurationName = Release;
		};
		DB08D09323B19A3B009DEF55 /* Build configuration list for PBXNativeTarget "IBeaconManagerUITests" */ = {
			isa = XCConfigurationList;
			buildConfigurations = (
				DB08D09423B19A3B009DEF55 /* Debug */,
				DB08D09523B19A3B009DEF55 /* Release */,
			);
			defaultConfigurationIsVisible = 0;
			defaultConfigurationName = Release;
		};
/* End XCConfigurationList section */
	};
	rootObject = DB08D05623B19A38009DEF55 /* Project object */;
}
